
Microsoft Visual Studio Solution File, Format Version 12.00
# Visual Studio Version 17
VisualStudioVersion = 17.0.31521.260
MinimumVisualStudioVersion = 10.0.40219.1
Project("{9A19103F-16F7-4668-BE54-9A1E7A4F7556}") = "steamguard-cli", "steamguard-cli\steamguard-cli.csproj", "{B86C000B-EF6F-4CF9-A27A-415C1B5CA4FB}"
EndProject
Project("{FAE04EC0-301F-11D3-BF4B-00C04F79EFBC}") = "SteamAuth", "SteamAuth\SteamAuth\SteamAuth.csproj", "{5AD0934E-F6C4-4AE5-83AF-C788313B2A87}"
EndProject
Global
	GlobalSection(SolutionConfigurationPlatforms) = preSolution
		Debug|Any CPU = Debug|Any CPU
		Release|Any CPU = Release|Any CPU
	EndGlobalSection
	GlobalSection(ProjectConfigurationPlatforms) = postSolution
		{B86C000B-EF6F-4CF9-A27A-415C1B5CA4FB}.Debug|Any CPU.ActiveCfg = Debug|Any CPU
		{B86C000B-EF6F-4CF9-A27A-415C1B5CA4FB}.Debug|Any CPU.Build.0 = Debug|Any CPU
		{B86C000B-EF6F-4CF9-A27A-415C1B5CA4FB}.Release|Any CPU.ActiveCfg = Release|Any CPU
		{B86C000B-EF6F-4CF9-A27A-415C1B5CA4FB}.Release|Any CPU.Build.0 = Release|Any CPU
		{5AD0934E-F6C4-4AE5-83AF-C788313B2A87}.Debug|Any CPU.ActiveCfg = Debug|Any CPU
		{5AD0934E-F6C4-4AE5-83AF-C788313B2A87}.Debug|Any CPU.Build.0 = Debug|Any CPU
		{5AD0934E-F6C4-4AE5-83AF-C788313B2A87}.Release|Any CPU.ActiveCfg = Release|Any CPU
		{5AD0934E-F6C4-4AE5-83AF-C788313B2A87}.Release|Any CPU.Build.0 = Release|Any CPU
	EndGlobalSection
	GlobalSection(SolutionProperties) = preSolution
		HideSolutionNode = FALSE
	EndGlobalSection
	GlobalSection(ExtensibilityGlobals) = postSolution
		SolutionGuid = {C9C02F66-BD87-4883-8FD6-5430A8904AB5}
	EndGlobalSection
EndGlobal
